
Microsoft Visual Studio Solution File, Format Version 12.00
# Visual Studio Version 17
VisualStudioVersion = 17.1.32421.90
MinimumVisualStudioVersion = 10.0.40219.1
Project("{8BC9CEB8-8B4A-11D0-8D11-00A0C91BC942}") = "EugeneLib", "EugeneLib.vcxproj", "{9582BB88-F555-47E9-AEBF-A1CAF4D0BE69}"
EndProject
Project("{8BC9CEB8-8B4A-11D0-8D11-00A0C91BC942}") = "Sample", "Sample\Sample.vcxproj", "{0A00D369-CBB0-419A-A334-614D1F7ADFE2}"
EndProject
Global
	GlobalSection(SolutionConfigurationPlatforms) = preSolution
		Debug|x64 = Debug|x64
		Debug|x86 = Debug|x86
		ImguiDebug|x64 = ImguiDebug|x64
		ImguiDebug|x86 = ImguiDebug|x86
		Release|x64 = Release|x64
		Release|x86 = Release|x86
		VulkanDebug|x64 = VulkanDebug|x64
		VulkanDebug|x86 = VulkanDebug|x86
		VulkanRelease|x64 = VulkanRelease|x64
		VulkanRelease|x86 = VulkanRelease|x86
	EndGlobalSection
	GlobalSection(ProjectConfigurationPlatforms) = postSolution
		{9582BB88-F555-47E9-AEBF-A1CAF4D0BE69}.Debug|x64.ActiveCfg = Debug|x64
		{9582BB88-F555-47E9-AEBF-A1CAF4D0BE69}.Debug|x64.Build.0 = Debug|x64
		{9582BB88-F555-47E9-AEBF-A1CAF4D0BE69}.Debug|x86.ActiveCfg = Debug|Win32
		{9582BB88-F555-47E9-AEBF-A1CAF4D0BE69}.Debug|x86.Build.0 = Debug|Win32
		{9582BB88-F555-47E9-AEBF-A1CAF4D0BE69}.ImguiDebug|x64.ActiveCfg = ImguiDebug|x64
		{9582BB88-F555-47E9-AEBF-A1CAF4D0BE69}.ImguiDebug|x64.Build.0 = ImguiDebug|x64
		{9582BB88-F555-47E9-AEBF-A1CAF4D0BE69}.ImguiDebug|x86.ActiveCfg = ImguiDebug|Win32
		{9582BB88-F555-47E9-AEBF-A1CAF4D0BE69}.ImguiDebug|x86.Build.0 = ImguiDebug|Win32
		{9582BB88-F555-47E9-AEBF-A1CAF4D0BE69}.Release|x64.ActiveCfg = Release|x64
		{9582BB88-F555-47E9-AEBF-A1CAF4D0BE69}.Release|x64.Build.0 = Release|x64
		{9582BB88-F555-47E9-AEBF-A1CAF4D0BE69}.Release|x86.ActiveCfg = Release|Win32
		{9582BB88-F555-47E9-AEBF-A1CAF4D0BE69}.Release|x86.Build.0 = Release|Win32
		{9582BB88-F555-47E9-AEBF-A1CAF4D0BE69}.VulkanDebug|x64.ActiveCfg = VulkanDebug|x64
		{9582BB88-F555-47E9-AEBF-A1CAF4D0BE69}.VulkanDebug|x64.Build.0 = VulkanDebug|x64
		{9582BB88-F555-47E9-AEBF-A1CAF4D0BE69}.VulkanDebug|x86.ActiveCfg = VulkanDebug|Win32
		{9582BB88-F555-47E9-AEBF-A1CAF4D0BE69}.VulkanDebug|x86.Build.0 = VulkanDebug|Win32
		{9582BB88-F555-47E9-AEBF-A1CAF4D0BE69}.VulkanRelease|x64.ActiveCfg = VulkanRelease|x64
		{9582BB88-F555-47E9-AEBF-A1CAF4D0BE69}.VulkanRelease|x64.Build.0 = VulkanRelease|x64
		{9582BB88-F555-47E9-AEBF-A1CAF4D0BE69}.VulkanRelease|x86.ActiveCfg = VulkanRelease|Win32
		{9582BB88-F555-47E9-AEBF-A1CAF4D0BE69}.VulkanRelease|x86.Build.0 = VulkanRelease|Win32
		{0A00D369-CBB0-419A-A334-614D1F7ADFE2}.Debug|x64.ActiveCfg = Debug|x64
		{0A00D369-CBB0-419A-A334-614D1F7ADFE2}.Debug|x64.Build.0 = Debug|x64
		{0A00D369-CBB0-419A-A334-614D1F7ADFE2}.Debug|x86.ActiveCfg = Debug|Win32
		{0A00D369-CBB0-419A-A334-614D1F7ADFE2}.Debug|x86.Build.0 = Debug|Win32
		{0A00D369-CBB0-419A-A334-614D1F7ADFE2}.ImguiDebug|x64.ActiveCfg = ImguiDebug|x64
		{0A00D369-CBB0-419A-A334-614D1F7ADFE2}.ImguiDebug|x64.Build.0 = ImguiDebug|x64
		{0A00D369-CBB0-419A-A334-614D1F7ADFE2}.ImguiDebug|x86.ActiveCfg = ImguiDebug|Win32
		{0A00D369-CBB0-419A-A334-614D1F7ADFE2}.ImguiDebug|x86.Build.0 = ImguiDebug|Win32
		{0A00D369-CBB0-419A-A334-614D1F7ADFE2}.Release|x64.ActiveCfg = Release|x64
		{0A00D369-CBB0-419A-A334-614D1F7ADFE2}.Release|x64.Build.0 = Release|x64
		{0A00D369-CBB0-419A-A334-614D1F7ADFE2}.Release|x86.ActiveCfg = Release|Win32
		{0A00D369-CBB0-419A-A334-614D1F7ADFE2}.Release|x86.Build.0 = Release|Win32
		{0A00D369-CBB0-419A-A334-614D1F7ADFE2}.VulkanDebug|x64.ActiveCfg = VulkanDebug|x64
		{0A00D369-CBB0-419A-A334-614D1F7ADFE2}.VulkanDebug|x64.Build.0 = VulkanDebug|x64
		{0A00D369-CBB0-419A-A334-614D1F7ADFE2}.VulkanDebug|x86.ActiveCfg = VulkanDebug|Win32
		{0A00D369-CBB0-419A-A334-614D1F7ADFE2}.VulkanDebug|x86.Build.0 = VulkanDebug|Win32
		{0A00D369-CBB0-419A-A334-614D1F7ADFE2}.VulkanRelease|x64.ActiveCfg = VulkanRelease|x64
		{0A00D369-CBB0-419A-A334-614D1F7ADFE2}.VulkanRelease|x64.Build.0 = VulkanRelease|x64
		{0A00D369-CBB0-419A-A334-614D1F7ADFE2}.VulkanRelease|x86.ActiveCfg = VulkanRelease|Win32
		{0A00D369-CBB0-419A-A334-614D1F7ADFE2}.VulkanRelease|x86.Build.0 = VulkanRelease|Win32
	EndGlobalSection
	GlobalSection(SolutionProperties) = preSolution
		HideSolutionNode = FALSE
	EndGlobalSection
	GlobalSection(ExtensibilityGlobals) = postSolution
		SolutionGuid = {314E627A-5B5C-4450-8DA6-22F18413F914}
	EndGlobalSection
EndGlobal
